// !$*UTF8*$!
{
	archiveVersion = 1;
	classes = {
	};
	objectVersion = 56;
	objects = {

/* Begin PBXBuildFile section */
		3B097D572C1550390060026D /* ShowDetailsViewModel.swift in Sources */ = {isa = PBXBuildFile; fileRef = 3B097D562C1550390060026D /* ShowDetailsViewModel.swift */; };
		3B19C80B2C13DD030075893B /* AppDelegate.swift in Sources */ = {isa = PBXBuildFile; fileRef = 3B19C80A2C13DD030075893B /* AppDelegate.swift */; };
		3B19C8142C13DD050075893B /* Assets.xcassets in Resources */ = {isa = PBXBuildFile; fileRef = 3B19C8132C13DD050075893B /* Assets.xcassets */; };
		3B19C8172C13DD050075893B /* Base in Resources */ = {isa = PBXBuildFile; fileRef = 3B19C8162C13DD050075893B /* Base */; };
		3B19C8222C13DD050075893B /* TV_Maze_AppTests.swift in Sources */ = {isa = PBXBuildFile; fileRef = 3B19C8212C13DD050075893B /* TV_Maze_AppTests.swift */; };
		3B19C83B2C13DE100075893B /* AppCoordinator.swift in Sources */ = {isa = PBXBuildFile; fileRef = 3B19C83A2C13DE100075893B /* AppCoordinator.swift */; };
		3B19C83F2C13DE3E0075893B /* HomeCoordinator.swift in Sources */ = {isa = PBXBuildFile; fileRef = 3B19C83E2C13DE3E0075893B /* HomeCoordinator.swift */; };
		3B19C8432C13DE8F0075893B /* HomeViewController.swift in Sources */ = {isa = PBXBuildFile; fileRef = 3B19C8422C13DE8F0075893B /* HomeViewController.swift */; };
		3B19C8452C13DEA80075893B /* HomeView.swift in Sources */ = {isa = PBXBuildFile; fileRef = 3B19C8442C13DEA80075893B /* HomeView.swift */; };
		3B19C8472C13DEBF0075893B /* HomeInteractor.swift in Sources */ = {isa = PBXBuildFile; fileRef = 3B19C8462C13DEBF0075893B /* HomeInteractor.swift */; };
		3B19C8492C13DED50075893B /* HomePresenter.swift in Sources */ = {isa = PBXBuildFile; fileRef = 3B19C8482C13DED50075893B /* HomePresenter.swift */; };
		3B19C84E2C13E35B0075893B /* SnapKit in Frameworks */ = {isa = PBXBuildFile; productRef = 3B19C84D2C13E35B0075893B /* SnapKit */; };
		3B19C8512C13E8F80075893B /* HomeConstructor.swift in Sources */ = {isa = PBXBuildFile; fileRef = 3B19C8502C13E8F80075893B /* HomeConstructor.swift */; };
		3B19C8532C13E9400075893B /* NetworkConstructor.swift in Sources */ = {isa = PBXBuildFile; fileRef = 3B19C8522C13E9400075893B /* NetworkConstructor.swift */; };
		3B19C8552C13EA750075893B /* HomeProtocols.swift in Sources */ = {isa = PBXBuildFile; fileRef = 3B19C8542C13EA750075893B /* HomeProtocols.swift */; };
		3B19C8592C13EC300075893B /* NetworkService.swift in Sources */ = {isa = PBXBuildFile; fileRef = 3B19C8582C13EC300075893B /* NetworkService.swift */; };
		3B19C85B2C13F04B0075893B /* ShowModel.swift in Sources */ = {isa = PBXBuildFile; fileRef = 3B19C85A2C13F04B0075893B /* ShowModel.swift */; };
		3B19C85E2C149C050075893B /* ShowTableViewCell.swift in Sources */ = {isa = PBXBuildFile; fileRef = 3B19C85D2C149C050075893B /* ShowTableViewCell.swift */; };
		3B19C8602C149C5F0075893B /* HomeTableViewManager.swift in Sources */ = {isa = PBXBuildFile; fileRef = 3B19C85F2C149C5F0075893B /* HomeTableViewManager.swift */; };
		3B387B442C15FF71003077C1 /* HomeViewControllerTestCase.swift in Sources */ = {isa = PBXBuildFile; fileRef = 3B387B432C15FF71003077C1 /* HomeViewControllerTestCase.swift */; };
		3B387B462C160131003077C1 /* HomeTableViewManagerSpy.swift in Sources */ = {isa = PBXBuildFile; fileRef = 3B387B452C160131003077C1 /* HomeTableViewManagerSpy.swift */; };
		3B387B492C16062D003077C1 /* DispatchQueueProtocol.swift in Sources */ = {isa = PBXBuildFile; fileRef = 3B387B482C16062D003077C1 /* DispatchQueueProtocol.swift */; };
		3B387B4B2C1606BF003077C1 /* DispatchQueueSpy.swift in Sources */ = {isa = PBXBuildFile; fileRef = 3B387B4A2C1606BF003077C1 /* DispatchQueueSpy.swift */; };
		3B387B4D2C160A48003077C1 /* UINavigationControllerSpy.swift in Sources */ = {isa = PBXBuildFile; fileRef = 3B387B4C2C160A48003077C1 /* UINavigationControllerSpy.swift */; };
		3B387B4F2C160A7C003077C1 /* HomeCoordinatorTestCase.swift in Sources */ = {isa = PBXBuildFile; fileRef = 3B387B4E2C160A7C003077C1 /* HomeCoordinatorTestCase.swift */; };
		3B387B512C160C02003077C1 /* ShowTableViewCellSpy.swift in Sources */ = {isa = PBXBuildFile; fileRef = 3B387B502C160C02003077C1 /* ShowTableViewCellSpy.swift */; };
		3B387B542C160E62003077C1 /* NetworkServiceSpy.swift in Sources */ = {isa = PBXBuildFile; fileRef = 3B387B532C160E62003077C1 /* NetworkServiceSpy.swift */; };
		3B387B562C160F87003077C1 /* HomeInteractorTestCase.swift in Sources */ = {isa = PBXBuildFile; fileRef = 3B387B552C160F87003077C1 /* HomeInteractorTestCase.swift */; };
		3B387B582C160FBA003077C1 /* HomeInteractorOutputSpy.swift in Sources */ = {isa = PBXBuildFile; fileRef = 3B387B572C160FBA003077C1 /* HomeInteractorOutputSpy.swift */; };
		3B387B5A2C161165003077C1 /* HomeConstructorTestCase.swift in Sources */ = {isa = PBXBuildFile; fileRef = 3B387B592C161165003077C1 /* HomeConstructorTestCase.swift */; };
		3B387B5E2C16133C003077C1 /* ShowDetailsPresenterSpy.swift in Sources */ = {isa = PBXBuildFile; fileRef = 3B387B5D2C16133C003077C1 /* ShowDetailsPresenterSpy.swift */; };
		3B387B602C161353003077C1 /* ShowDetailsViewControllerSpy.swift in Sources */ = {isa = PBXBuildFile; fileRef = 3B387B5F2C161353003077C1 /* ShowDetailsViewControllerSpy.swift */; };
		3B387B622C1613EF003077C1 /* ShowDetailsCoordinatorSpy.swift in Sources */ = {isa = PBXBuildFile; fileRef = 3B387B612C1613EF003077C1 /* ShowDetailsCoordinatorSpy.swift */; };
		3B387B642C16140F003077C1 /* ShowDetailsInteractorSpy.swift in Sources */ = {isa = PBXBuildFile; fileRef = 3B387B632C16140F003077C1 /* ShowDetailsInteractorSpy.swift */; };
		3B387B662C161629003077C1 /* ShowDetailsPresenterTestCase.swift in Sources */ = {isa = PBXBuildFile; fileRef = 3B387B652C161629003077C1 /* ShowDetailsPresenterTestCase.swift */; };
		3B387B682C1619CC003077C1 /* ShowDetailsViewControllerTestCase.swift in Sources */ = {isa = PBXBuildFile; fileRef = 3B387B672C1619CC003077C1 /* ShowDetailsViewControllerTestCase.swift */; };
		3B387B6A2C161CC5003077C1 /* ShowDetailsCoordinatorTestCase.swift in Sources */ = {isa = PBXBuildFile; fileRef = 3B387B692C161CC5003077C1 /* ShowDetailsCoordinatorTestCase.swift */; };
		3B387B6C2C161DF4003077C1 /* ShowDetailsInteractorTestCase.swift in Sources */ = {isa = PBXBuildFile; fileRef = 3B387B6B2C161DF4003077C1 /* ShowDetailsInteractorTestCase.swift */; };
		3B387B6E2C161E28003077C1 /* ShowDetailsInteractorOutputSpy.swift in Sources */ = {isa = PBXBuildFile; fileRef = 3B387B6D2C161E28003077C1 /* ShowDetailsInteractorOutputSpy.swift */; };
		3B9F9BD82C14B1FB001836A5 /* UIColor+extension.swift in Sources */ = {isa = PBXBuildFile; fileRef = 3B9F9BD72C14B1FB001836A5 /* UIColor+extension.swift */; };
		3B9F9BDC2C14BB44001836A5 /* SkeletonView.swift in Sources */ = {isa = PBXBuildFile; fileRef = 3B9F9BDB2C14BB44001836A5 /* SkeletonView.swift */; };
		3B9F9BDF2C14C3C6001836A5 /* ShowDetailsView.swift in Sources */ = {isa = PBXBuildFile; fileRef = 3B9F9BDE2C14C3C6001836A5 /* ShowDetailsView.swift */; };
		3B9F9BE12C14C3F6001836A5 /* ShowDetailsViewController.swift in Sources */ = {isa = PBXBuildFile; fileRef = 3B9F9BE02C14C3F6001836A5 /* ShowDetailsViewController.swift */; };
		3B9F9BE32C14C416001836A5 /* ShowDetailsInteractor.swift in Sources */ = {isa = PBXBuildFile; fileRef = 3B9F9BE22C14C416001836A5 /* ShowDetailsInteractor.swift */; };
		3B9F9BE52C14C429001836A5 /* ShowDetailsPresenter.swift in Sources */ = {isa = PBXBuildFile; fileRef = 3B9F9BE42C14C429001836A5 /* ShowDetailsPresenter.swift */; };
		3B9F9BE72C14C457001836A5 /* ShowDetailsProtocols.swift in Sources */ = {isa = PBXBuildFile; fileRef = 3B9F9BE62C14C457001836A5 /* ShowDetailsProtocols.swift */; };
		3B9F9BE92C14C4CC001836A5 /* ShowDetailsCoordinator.swift in Sources */ = {isa = PBXBuildFile; fileRef = 3B9F9BE82C14C4CC001836A5 /* ShowDetailsCoordinator.swift */; };
		3B9F9BEC2C14C727001836A5 /* ShowDetailsConstructor.swift in Sources */ = {isa = PBXBuildFile; fileRef = 3B9F9BEB2C14C726001836A5 /* ShowDetailsConstructor.swift */; };
		3BE71E8F2C15F77A00771C0F /* HomePresenterTestCase.swift in Sources */ = {isa = PBXBuildFile; fileRef = 3BE71E8E2C15F77A00771C0F /* HomePresenterTestCase.swift */; };
		3BE71E922C15F84200771C0F /* ShowModel.swift in Sources */ = {isa = PBXBuildFile; fileRef = 3BE71E912C15F84200771C0F /* ShowModel.swift */; };
		3BE71E952C15FAAF00771C0F /* HomeViewControllerSpy.swift in Sources */ = {isa = PBXBuildFile; fileRef = 3BE71E942C15FAAF00771C0F /* HomeViewControllerSpy.swift */; };
		3BE71E972C15FB4C00771C0F /* HomeInteractorSpy.swift in Sources */ = {isa = PBXBuildFile; fileRef = 3BE71E962C15FB4C00771C0F /* HomeInteractorSpy.swift */; };
		3BE71E992C15FBBD00771C0F /* HomeCoordinatorSpy.swift in Sources */ = {isa = PBXBuildFile; fileRef = 3BE71E982C15FBBD00771C0F /* HomeCoordinatorSpy.swift */; };
		3BE71E9B2C15FC2200771C0F /* HomePresenterSpy.swift in Sources */ = {isa = PBXBuildFile; fileRef = 3BE71E9A2C15FC2200771C0F /* HomePresenterSpy.swift */; };
/* End PBXBuildFile section */

/* Begin PBXContainerItemProxy section */
		3B19C81E2C13DD050075893B /* PBXContainerItemProxy */ = {
			isa = PBXContainerItemProxy;
			containerPortal = 3B19C7FF2C13DD030075893B /* Project object */;
			proxyType = 1;
			remoteGlobalIDString = 3B19C8062C13DD030075893B;
			remoteInfo = "TV Maze App";
		};
/* End PBXContainerItemProxy section */

/* Begin PBXFileReference section */
		3B097D562C1550390060026D /* ShowDetailsViewModel.swift */ = {isa = PBXFileReference; lastKnownFileType = sourcecode.swift; path = ShowDetailsViewModel.swift; sourceTree = "<group>"; };
		3B19C8072C13DD030075893B /* TV Maze App.app */ = {isa = PBXFileReference; explicitFileType = wrapper.application; includeInIndex = 0; path = "TV Maze App.app"; sourceTree = BUILT_PRODUCTS_DIR; };
		3B19C80A2C13DD030075893B /* AppDelegate.swift */ = {isa = PBXFileReference; lastKnownFileType = sourcecode.swift; path = AppDelegate.swift; sourceTree = "<group>"; };
		3B19C8132C13DD050075893B /* Assets.xcassets */ = {isa = PBXFileReference; lastKnownFileType = folder.assetcatalog; path = Assets.xcassets; sourceTree = "<group>"; };
		3B19C8162C13DD050075893B /* Base */ = {isa = PBXFileReference; lastKnownFileType = file.storyboard; name = Base; path = Base.lproj/LaunchScreen.storyboard; sourceTree = "<group>"; };
		3B19C81D2C13DD050075893B /* TV Maze AppTests.xctest */ = {isa = PBXFileReference; explicitFileType = wrapper.cfbundle; includeInIndex = 0; path = "TV Maze AppTests.xctest"; sourceTree = BUILT_PRODUCTS_DIR; };
		3B19C8212C13DD050075893B /* TV_Maze_AppTests.swift */ = {isa = PBXFileReference; lastKnownFileType = sourcecode.swift; path = TV_Maze_AppTests.swift; sourceTree = "<group>"; };
		3B19C83A2C13DE100075893B /* AppCoordinator.swift */ = {isa = PBXFileReference; lastKnownFileType = sourcecode.swift; path = AppCoordinator.swift; sourceTree = "<group>"; };
		3B19C83E2C13DE3E0075893B /* HomeCoordinator.swift */ = {isa = PBXFileReference; lastKnownFileType = sourcecode.swift; path = HomeCoordinator.swift; sourceTree = "<group>"; };
		3B19C8422C13DE8F0075893B /* HomeViewController.swift */ = {isa = PBXFileReference; lastKnownFileType = sourcecode.swift; path = HomeViewController.swift; sourceTree = "<group>"; };
		3B19C8442C13DEA80075893B /* HomeView.swift */ = {isa = PBXFileReference; lastKnownFileType = sourcecode.swift; path = HomeView.swift; sourceTree = "<group>"; };
		3B19C8462C13DEBF0075893B /* HomeInteractor.swift */ = {isa = PBXFileReference; lastKnownFileType = sourcecode.swift; path = HomeInteractor.swift; sourceTree = "<group>"; };
		3B19C8482C13DED50075893B /* HomePresenter.swift */ = {isa = PBXFileReference; lastKnownFileType = sourcecode.swift; path = HomePresenter.swift; sourceTree = "<group>"; };
		3B19C8502C13E8F80075893B /* HomeConstructor.swift */ = {isa = PBXFileReference; lastKnownFileType = sourcecode.swift; path = HomeConstructor.swift; sourceTree = "<group>"; };
		3B19C8522C13E9400075893B /* NetworkConstructor.swift */ = {isa = PBXFileReference; lastKnownFileType = sourcecode.swift; path = NetworkConstructor.swift; sourceTree = "<group>"; };
		3B19C8542C13EA750075893B /* HomeProtocols.swift */ = {isa = PBXFileReference; lastKnownFileType = sourcecode.swift; path = HomeProtocols.swift; sourceTree = "<group>"; };
		3B19C8582C13EC300075893B /* NetworkService.swift */ = {isa = PBXFileReference; lastKnownFileType = sourcecode.swift; path = NetworkService.swift; sourceTree = "<group>"; };
		3B19C85A2C13F04B0075893B /* ShowModel.swift */ = {isa = PBXFileReference; lastKnownFileType = sourcecode.swift; path = ShowModel.swift; sourceTree = "<group>"; };
		3B19C85D2C149C050075893B /* ShowTableViewCell.swift */ = {isa = PBXFileReference; lastKnownFileType = sourcecode.swift; path = ShowTableViewCell.swift; sourceTree = "<group>"; };
		3B19C85F2C149C5F0075893B /* HomeTableViewManager.swift */ = {isa = PBXFileReference; lastKnownFileType = sourcecode.swift; path = HomeTableViewManager.swift; sourceTree = "<group>"; };
		3B387B432C15FF71003077C1 /* HomeViewControllerTestCase.swift */ = {isa = PBXFileReference; lastKnownFileType = sourcecode.swift; path = HomeViewControllerTestCase.swift; sourceTree = "<group>"; };
		3B387B452C160131003077C1 /* HomeTableViewManagerSpy.swift */ = {isa = PBXFileReference; lastKnownFileType = sourcecode.swift; path = HomeTableViewManagerSpy.swift; sourceTree = "<group>"; };
		3B387B482C16062D003077C1 /* DispatchQueueProtocol.swift */ = {isa = PBXFileReference; lastKnownFileType = sourcecode.swift; path = DispatchQueueProtocol.swift; sourceTree = "<group>"; };
		3B387B4A2C1606BF003077C1 /* DispatchQueueSpy.swift */ = {isa = PBXFileReference; lastKnownFileType = sourcecode.swift; path = DispatchQueueSpy.swift; sourceTree = "<group>"; };
		3B387B4C2C160A48003077C1 /* UINavigationControllerSpy.swift */ = {isa = PBXFileReference; lastKnownFileType = sourcecode.swift; path = UINavigationControllerSpy.swift; sourceTree = "<group>"; };
		3B387B4E2C160A7C003077C1 /* HomeCoordinatorTestCase.swift */ = {isa = PBXFileReference; lastKnownFileType = sourcecode.swift; path = HomeCoordinatorTestCase.swift; sourceTree = "<group>"; };
		3B387B502C160C02003077C1 /* ShowTableViewCellSpy.swift */ = {isa = PBXFileReference; lastKnownFileType = sourcecode.swift; path = ShowTableViewCellSpy.swift; sourceTree = "<group>"; };
		3B387B532C160E62003077C1 /* NetworkServiceSpy.swift */ = {isa = PBXFileReference; lastKnownFileType = sourcecode.swift; path = NetworkServiceSpy.swift; sourceTree = "<group>"; };
		3B387B552C160F87003077C1 /* HomeInteractorTestCase.swift */ = {isa = PBXFileReference; lastKnownFileType = sourcecode.swift; path = HomeInteractorTestCase.swift; sourceTree = "<group>"; };
		3B387B572C160FBA003077C1 /* HomeInteractorOutputSpy.swift */ = {isa = PBXFileReference; lastKnownFileType = sourcecode.swift; path = HomeInteractorOutputSpy.swift; sourceTree = "<group>"; };
		3B387B592C161165003077C1 /* HomeConstructorTestCase.swift */ = {isa = PBXFileReference; lastKnownFileType = sourcecode.swift; path = HomeConstructorTestCase.swift; sourceTree = "<group>"; };
		3B387B5D2C16133C003077C1 /* ShowDetailsPresenterSpy.swift */ = {isa = PBXFileReference; lastKnownFileType = sourcecode.swift; path = ShowDetailsPresenterSpy.swift; sourceTree = "<group>"; };
		3B387B5F2C161353003077C1 /* ShowDetailsViewControllerSpy.swift */ = {isa = PBXFileReference; lastKnownFileType = sourcecode.swift; path = ShowDetailsViewControllerSpy.swift; sourceTree = "<group>"; };
		3B387B612C1613EF003077C1 /* ShowDetailsCoordinatorSpy.swift */ = {isa = PBXFileReference; lastKnownFileType = sourcecode.swift; path = ShowDetailsCoordinatorSpy.swift; sourceTree = "<group>"; };
		3B387B632C16140F003077C1 /* ShowDetailsInteractorSpy.swift */ = {isa = PBXFileReference; lastKnownFileType = sourcecode.swift; path = ShowDetailsInteractorSpy.swift; sourceTree = "<group>"; };
		3B387B652C161629003077C1 /* ShowDetailsPresenterTestCase.swift */ = {isa = PBXFileReference; lastKnownFileType = sourcecode.swift; path = ShowDetailsPresenterTestCase.swift; sourceTree = "<group>"; };
		3B387B672C1619CC003077C1 /* ShowDetailsViewControllerTestCase.swift */ = {isa = PBXFileReference; lastKnownFileType = sourcecode.swift; path = ShowDetailsViewControllerTestCase.swift; sourceTree = "<group>"; };
		3B387B692C161CC5003077C1 /* ShowDetailsCoordinatorTestCase.swift */ = {isa = PBXFileReference; lastKnownFileType = sourcecode.swift; path = ShowDetailsCoordinatorTestCase.swift; sourceTree = "<group>"; };
		3B387B6B2C161DF4003077C1 /* ShowDetailsInteractorTestCase.swift */ = {isa = PBXFileReference; lastKnownFileType = sourcecode.swift; path = ShowDetailsInteractorTestCase.swift; sourceTree = "<group>"; };
		3B387B6D2C161E28003077C1 /* ShowDetailsInteractorOutputSpy.swift */ = {isa = PBXFileReference; lastKnownFileType = sourcecode.swift; path = ShowDetailsInteractorOutputSpy.swift; sourceTree = "<group>"; };
		3B9F9BD72C14B1FB001836A5 /* UIColor+extension.swift */ = {isa = PBXFileReference; lastKnownFileType = sourcecode.swift; path = "UIColor+extension.swift"; sourceTree = "<group>"; };
		3B9F9BDB2C14BB44001836A5 /* SkeletonView.swift */ = {isa = PBXFileReference; lastKnownFileType = sourcecode.swift; path = SkeletonView.swift; sourceTree = "<group>"; };
		3B9F9BDE2C14C3C6001836A5 /* ShowDetailsView.swift */ = {isa = PBXFileReference; lastKnownFileType = sourcecode.swift; path = ShowDetailsView.swift; sourceTree = "<group>"; };
		3B9F9BE02C14C3F6001836A5 /* ShowDetailsViewController.swift */ = {isa = PBXFileReference; lastKnownFileType = sourcecode.swift; path = ShowDetailsViewController.swift; sourceTree = "<group>"; };
		3B9F9BE22C14C416001836A5 /* ShowDetailsInteractor.swift */ = {isa = PBXFileReference; lastKnownFileType = sourcecode.swift; path = ShowDetailsInteractor.swift; sourceTree = "<group>"; };
		3B9F9BE42C14C429001836A5 /* ShowDetailsPresenter.swift */ = {isa = PBXFileReference; lastKnownFileType = sourcecode.swift; path = ShowDetailsPresenter.swift; sourceTree = "<group>"; };
		3B9F9BE62C14C457001836A5 /* ShowDetailsProtocols.swift */ = {isa = PBXFileReference; lastKnownFileType = sourcecode.swift; path = ShowDetailsProtocols.swift; sourceTree = "<group>"; };
		3B9F9BE82C14C4CC001836A5 /* ShowDetailsCoordinator.swift */ = {isa = PBXFileReference; lastKnownFileType = sourcecode.swift; path = ShowDetailsCoordinator.swift; sourceTree = "<group>"; };
		3B9F9BEB2C14C726001836A5 /* ShowDetailsConstructor.swift */ = {isa = PBXFileReference; lastKnownFileType = sourcecode.swift; path = ShowDetailsConstructor.swift; sourceTree = "<group>"; };
		3BE71E8E2C15F77A00771C0F /* HomePresenterTestCase.swift */ = {isa = PBXFileReference; lastKnownFileType = sourcecode.swift; path = HomePresenterTestCase.swift; sourceTree = "<group>"; };
		3BE71E912C15F84200771C0F /* ShowModel.swift */ = {isa = PBXFileReference; lastKnownFileType = sourcecode.swift; path = ShowModel.swift; sourceTree = "<group>"; };
		3BE71E942C15FAAF00771C0F /* HomeViewControllerSpy.swift */ = {isa = PBXFileReference; lastKnownFileType = sourcecode.swift; path = HomeViewControllerSpy.swift; sourceTree = "<group>"; };
		3BE71E962C15FB4C00771C0F /* HomeInteractorSpy.swift */ = {isa = PBXFileReference; lastKnownFileType = sourcecode.swift; path = HomeInteractorSpy.swift; sourceTree = "<group>"; };
		3BE71E982C15FBBD00771C0F /* HomeCoordinatorSpy.swift */ = {isa = PBXFileReference; lastKnownFileType = sourcecode.swift; path = HomeCoordinatorSpy.swift; sourceTree = "<group>"; };
		3BE71E9A2C15FC2200771C0F /* HomePresenterSpy.swift */ = {isa = PBXFileReference; lastKnownFileType = sourcecode.swift; path = HomePresenterSpy.swift; sourceTree = "<group>"; };
/* End PBXFileReference section */

/* Begin PBXFrameworksBuildPhase section */
		3B19C8042C13DD030075893B /* Frameworks */ = {
			isa = PBXFrameworksBuildPhase;
			buildActionMask = 2147483647;
			files = (
				3B19C84E2C13E35B0075893B /* SnapKit in Frameworks */,
			);
			runOnlyForDeploymentPostprocessing = 0;
		};
		3B19C81A2C13DD050075893B /* Frameworks */ = {
			isa = PBXFrameworksBuildPhase;
			buildActionMask = 2147483647;
			files = (
			);
			runOnlyForDeploymentPostprocessing = 0;
		};
/* End PBXFrameworksBuildPhase section */

/* Begin PBXGroup section */
		3B097D542C15500B0060026D /* Views */ = {
			isa = PBXGroup;
			children = (
				3B9F9BDE2C14C3C6001836A5 /* ShowDetailsView.swift */,
			);
			path = Views;
			sourceTree = "<group>";
		};
		3B097D552C15502F0060026D /* Data */ = {
			isa = PBXGroup;
			children = (
				3B097D562C1550390060026D /* ShowDetailsViewModel.swift */,
			);
			path = Data;
			sourceTree = "<group>";
		};
		3B19C7FE2C13DD030075893B = {
			isa = PBXGroup;
			children = (
				3B19C8092C13DD030075893B /* TV Maze App */,
				3B19C8202C13DD050075893B /* TV Maze AppTests */,
				3B19C8082C13DD030075893B /* Products */,
			);
			sourceTree = "<group>";
		};
		3B19C8082C13DD030075893B /* Products */ = {
			isa = PBXGroup;
			children = (
				3B19C8072C13DD030075893B /* TV Maze App.app */,
				3B19C81D2C13DD050075893B /* TV Maze AppTests.xctest */,
			);
			name = Products;
			sourceTree = "<group>";
		};
		3B19C8092C13DD030075893B /* TV Maze App */ = {
			isa = PBXGroup;
			children = (
				3B19C8412C13DE670075893B /* Home */,
				3B9F9BDD2C14C3B7001836A5 /* Details */,
				3B9F9BD92C14B940001836A5 /* Data */,
				3B19C80A2C13DD030075893B /* AppDelegate.swift */,
				3B19C83A2C13DE100075893B /* AppCoordinator.swift */,
				3B19C8152C13DD050075893B /* LaunchScreen.storyboard */,
				3B19C8402C13DE5A0075893B /* Assets */,
				3B19C8562C13EC180075893B /* Tools */,
			);
			path = "TV Maze App";
			sourceTree = "<group>";
		};
		3B19C8202C13DD050075893B /* TV Maze AppTests */ = {
			isa = PBXGroup;
			children = (
				3B387B5B2C1612B9003077C1 /* Details */,
				3B387B472C160600003077C1 /* Tools */,
				3BE71E902C15F7E300771C0F /* Data */,
				3BE71E8D2C15F73100771C0F /* Home */,
				3B19C8212C13DD050075893B /* TV_Maze_AppTests.swift */,
			);
			path = "TV Maze AppTests";
			sourceTree = "<group>";
		};
		3B19C8402C13DE5A0075893B /* Assets */ = {
			isa = PBXGroup;
			children = (
				3B19C8132C13DD050075893B /* Assets.xcassets */,
			);
			path = Assets;
			sourceTree = "<group>";
		};
		3B19C8412C13DE670075893B /* Home */ = {
			isa = PBXGroup;
			children = (
				3B19C85C2C149BF40075893B /* Views */,
				3B19C84F2C13E8E70075893B /* Network */,
				3B19C83E2C13DE3E0075893B /* HomeCoordinator.swift */,
				3B19C8422C13DE8F0075893B /* HomeViewController.swift */,
				3B19C8482C13DED50075893B /* HomePresenter.swift */,
				3B19C8542C13EA750075893B /* HomeProtocols.swift */,
				3B19C85F2C149C5F0075893B /* HomeTableViewManager.swift */,
			);
			path = Home;
			sourceTree = "<group>";
		};
		3B19C84F2C13E8E70075893B /* Network */ = {
			isa = PBXGroup;
			children = (
				3B19C8462C13DEBF0075893B /* HomeInteractor.swift */,
				3B19C8502C13E8F80075893B /* HomeConstructor.swift */,
			);
			path = Network;
			sourceTree = "<group>";
		};
		3B19C8562C13EC180075893B /* Tools */ = {
			isa = PBXGroup;
			children = (
				3B9F9BDA2C14BB28001836A5 /* Layout */,
				3B9F9BD62C14B1DA001836A5 /* Color */,
				3B19C8572C13EC240075893B /* Network */,
				3B387B482C16062D003077C1 /* DispatchQueueProtocol.swift */,
			);
			path = Tools;
			sourceTree = "<group>";
		};
		3B19C8572C13EC240075893B /* Network */ = {
			isa = PBXGroup;
			children = (
				3B19C8582C13EC300075893B /* NetworkService.swift */,
				3B19C8522C13E9400075893B /* NetworkConstructor.swift */,
			);
			path = Network;
			sourceTree = "<group>";
		};
		3B19C85C2C149BF40075893B /* Views */ = {
			isa = PBXGroup;
			children = (
				3B19C8442C13DEA80075893B /* HomeView.swift */,
				3B19C85D2C149C050075893B /* ShowTableViewCell.swift */,
			);
			path = Views;
			sourceTree = "<group>";
		};
		3B387B472C160600003077C1 /* Tools */ = {
			isa = PBXGroup;
			children = (
				3B387B522C160E4E003077C1 /* Network */,
				3B387B4A2C1606BF003077C1 /* DispatchQueueSpy.swift */,
				3B387B4C2C160A48003077C1 /* UINavigationControllerSpy.swift */,
			);
			path = Tools;
			sourceTree = "<group>";
		};
		3B387B522C160E4E003077C1 /* Network */ = {
			isa = PBXGroup;
			children = (
				3B387B532C160E62003077C1 /* NetworkServiceSpy.swift */,
			);
			path = Network;
			sourceTree = "<group>";
		};
		3B387B5B2C1612B9003077C1 /* Details */ = {
			isa = PBXGroup;
			children = (
				3B387B5C2C16131E003077C1 /* Spies */,
				3B387B652C161629003077C1 /* ShowDetailsPresenterTestCase.swift */,
				3B387B672C1619CC003077C1 /* ShowDetailsViewControllerTestCase.swift */,
				3B387B692C161CC5003077C1 /* ShowDetailsCoordinatorTestCase.swift */,
				3B387B6B2C161DF4003077C1 /* ShowDetailsInteractorTestCase.swift */,
			);
			path = Details;
			sourceTree = "<group>";
		};
		3B387B5C2C16131E003077C1 /* Spies */ = {
			isa = PBXGroup;
			children = (
				3B387B5D2C16133C003077C1 /* ShowDetailsPresenterSpy.swift */,
				3B387B5F2C161353003077C1 /* ShowDetailsViewControllerSpy.swift */,
				3B387B612C1613EF003077C1 /* ShowDetailsCoordinatorSpy.swift */,
				3B387B632C16140F003077C1 /* ShowDetailsInteractorSpy.swift */,
				3B387B6D2C161E28003077C1 /* ShowDetailsInteractorOutputSpy.swift */,
			);
			path = Spies;
			sourceTree = "<group>";
		};
		3B9F9BD62C14B1DA001836A5 /* Color */ = {
			isa = PBXGroup;
			children = (
				3B9F9BD72C14B1FB001836A5 /* UIColor+extension.swift */,
			);
			path = Color;
			sourceTree = "<group>";
		};
		3B9F9BD92C14B940001836A5 /* Data */ = {
			isa = PBXGroup;
			children = (
				3B19C85A2C13F04B0075893B /* ShowModel.swift */,
			);
			path = Data;
			sourceTree = "<group>";
		};
		3B9F9BDA2C14BB28001836A5 /* Layout */ = {
			isa = PBXGroup;
			children = (
				3B9F9BDB2C14BB44001836A5 /* SkeletonView.swift */,
			);
			path = Layout;
			sourceTree = "<group>";
		};
		3B9F9BDD2C14C3B7001836A5 /* Details */ = {
			isa = PBXGroup;
			children = (
				3B097D552C15502F0060026D /* Data */,
				3B097D542C15500B0060026D /* Views */,
				3B9F9BEA2C14C701001836A5 /* Network */,
				3B9F9BE02C14C3F6001836A5 /* ShowDetailsViewController.swift */,
				3B9F9BE42C14C429001836A5 /* ShowDetailsPresenter.swift */,
				3B9F9BE62C14C457001836A5 /* ShowDetailsProtocols.swift */,
				3B9F9BE82C14C4CC001836A5 /* ShowDetailsCoordinator.swift */,
			);
			path = Details;
			sourceTree = "<group>";
		};
		3B9F9BEA2C14C701001836A5 /* Network */ = {
			isa = PBXGroup;
			children = (
				3B9F9BE22C14C416001836A5 /* ShowDetailsInteractor.swift */,
				3B9F9BEB2C14C726001836A5 /* ShowDetailsConstructor.swift */,
			);
			path = Network;
			sourceTree = "<group>";
		};
		3BE71E8D2C15F73100771C0F /* Home */ = {
			isa = PBXGroup;
			children = (
				3BE71E932C15FA9800771C0F /* Spies */,
				3BE71E8E2C15F77A00771C0F /* HomePresenterTestCase.swift */,
				3B387B432C15FF71003077C1 /* HomeViewControllerTestCase.swift */,
				3B387B4E2C160A7C003077C1 /* HomeCoordinatorTestCase.swift */,
				3B387B552C160F87003077C1 /* HomeInteractorTestCase.swift */,
				3B387B592C161165003077C1 /* HomeConstructorTestCase.swift */,
			);
			path = Home;
			sourceTree = "<group>";
		};
		3BE71E902C15F7E300771C0F /* Data */ = {
			isa = PBXGroup;
			children = (
				3BE71E912C15F84200771C0F /* ShowModel.swift */,
			);
			path = Data;
			sourceTree = "<group>";
		};
		3BE71E932C15FA9800771C0F /* Spies */ = {
			isa = PBXGroup;
			children = (
				3BE71E942C15FAAF00771C0F /* HomeViewControllerSpy.swift */,
				3BE71E962C15FB4C00771C0F /* HomeInteractorSpy.swift */,
				3BE71E982C15FBBD00771C0F /* HomeCoordinatorSpy.swift */,
				3BE71E9A2C15FC2200771C0F /* HomePresenterSpy.swift */,
				3B387B452C160131003077C1 /* HomeTableViewManagerSpy.swift */,
				3B387B502C160C02003077C1 /* ShowTableViewCellSpy.swift */,
				3B387B572C160FBA003077C1 /* HomeInteractorOutputSpy.swift */,
			);
			path = Spies;
			sourceTree = "<group>";
		};
/* End PBXGroup section */

/* Begin PBXNativeTarget section */
		3B19C8062C13DD030075893B /* TV Maze App */ = {
			isa = PBXNativeTarget;
			buildConfigurationList = 3B19C8312C13DD050075893B /* Build configuration list for PBXNativeTarget "TV Maze App" */;
			buildPhases = (
				3B19C8032C13DD030075893B /* Sources */,
				3B19C8042C13DD030075893B /* Frameworks */,
				3B19C8052C13DD030075893B /* Resources */,
			);
			buildRules = (
			);
			dependencies = (
			);
			name = "TV Maze App";
			packageProductDependencies = (
				3B19C84D2C13E35B0075893B /* SnapKit */,
			);
			productName = "TV Maze App";
			productReference = 3B19C8072C13DD030075893B /* TV Maze App.app */;
			productType = "com.apple.product-type.application";
		};
		3B19C81C2C13DD050075893B /* TV Maze AppTests */ = {
			isa = PBXNativeTarget;
			buildConfigurationList = 3B19C8342C13DD050075893B /* Build configuration list for PBXNativeTarget "TV Maze AppTests" */;
			buildPhases = (
				3B19C8192C13DD050075893B /* Sources */,
				3B19C81A2C13DD050075893B /* Frameworks */,
				3B19C81B2C13DD050075893B /* Resources */,
			);
			buildRules = (
			);
			dependencies = (
				3B19C81F2C13DD050075893B /* PBXTargetDependency */,
			);
			name = "TV Maze AppTests";
			productName = "TV Maze AppTests";
			productReference = 3B19C81D2C13DD050075893B /* TV Maze AppTests.xctest */;
			productType = "com.apple.product-type.bundle.unit-test";
		};
/* End PBXNativeTarget section */

/* Begin PBXProject section */
		3B19C7FF2C13DD030075893B /* Project object */ = {
			isa = PBXProject;
			attributes = {
				BuildIndependentTargetsInParallel = 1;
				LastSwiftUpdateCheck = 1540;
				LastUpgradeCheck = 1540;
				TargetAttributes = {
					3B19C8062C13DD030075893B = {
						CreatedOnToolsVersion = 15.4;
					};
					3B19C81C2C13DD050075893B = {
						CreatedOnToolsVersion = 15.4;
						TestTargetID = 3B19C8062C13DD030075893B;
					};
				};
			};
			buildConfigurationList = 3B19C8022C13DD030075893B /* Build configuration list for PBXProject "TV Maze App" */;
			compatibilityVersion = "Xcode 14.0";
			developmentRegion = en;
			hasScannedForEncodings = 0;
			knownRegions = (
				en,
				Base,
			);
			mainGroup = 3B19C7FE2C13DD030075893B;
			packageReferences = (
				3B19C84C2C13E35B0075893B /* XCRemoteSwiftPackageReference "SnapKit" */,
			);
			productRefGroup = 3B19C8082C13DD030075893B /* Products */;
			projectDirPath = "";
			projectRoot = "";
			targets = (
				3B19C8062C13DD030075893B /* TV Maze App */,
				3B19C81C2C13DD050075893B /* TV Maze AppTests */,
			);
		};
/* End PBXProject section */

/* Begin PBXResourcesBuildPhase section */
		3B19C8052C13DD030075893B /* Resources */ = {
			isa = PBXResourcesBuildPhase;
			buildActionMask = 2147483647;
			files = (
				3B19C8142C13DD050075893B /* Assets.xcassets in Resources */,
				3B19C8172C13DD050075893B /* Base in Resources */,
			);
			runOnlyForDeploymentPostprocessing = 0;
		};
		3B19C81B2C13DD050075893B /* Resources */ = {
			isa = PBXResourcesBuildPhase;
			buildActionMask = 2147483647;
			files = (
			);
			runOnlyForDeploymentPostprocessing = 0;
		};
/* End PBXResourcesBuildPhase section */

/* Begin PBXSourcesBuildPhase section */
		3B19C8032C13DD030075893B /* Sources */ = {
			isa = PBXSourcesBuildPhase;
			buildActionMask = 2147483647;
			files = (
				3B19C85B2C13F04B0075893B /* ShowModel.swift in Sources */,
				3B19C8592C13EC300075893B /* NetworkService.swift in Sources */,
				3B19C8432C13DE8F0075893B /* HomeViewController.swift in Sources */,
				3B19C83B2C13DE100075893B /* AppCoordinator.swift in Sources */,
				3B19C85E2C149C050075893B /* ShowTableViewCell.swift in Sources */,
				3B19C83F2C13DE3E0075893B /* HomeCoordinator.swift in Sources */,
				3B19C8452C13DEA80075893B /* HomeView.swift in Sources */,
				3B9F9BE92C14C4CC001836A5 /* ShowDetailsCoordinator.swift in Sources */,
				3B9F9BE72C14C457001836A5 /* ShowDetailsProtocols.swift in Sources */,
				3B19C80B2C13DD030075893B /* AppDelegate.swift in Sources */,
				3B19C8602C149C5F0075893B /* HomeTableViewManager.swift in Sources */,
				3B19C8472C13DEBF0075893B /* HomeInteractor.swift in Sources */,
				3B9F9BE32C14C416001836A5 /* ShowDetailsInteractor.swift in Sources */,
				3B19C8552C13EA750075893B /* HomeProtocols.swift in Sources */,
				3B9F9BE52C14C429001836A5 /* ShowDetailsPresenter.swift in Sources */,
				3B19C8492C13DED50075893B /* HomePresenter.swift in Sources */,
				3B9F9BD82C14B1FB001836A5 /* UIColor+extension.swift in Sources */,
				3B097D572C1550390060026D /* ShowDetailsViewModel.swift in Sources */,
				3B9F9BDC2C14BB44001836A5 /* SkeletonView.swift in Sources */,
				3B19C8532C13E9400075893B /* NetworkConstructor.swift in Sources */,
				3B387B492C16062D003077C1 /* DispatchQueueProtocol.swift in Sources */,
				3B9F9BEC2C14C727001836A5 /* ShowDetailsConstructor.swift in Sources */,
				3B9F9BDF2C14C3C6001836A5 /* ShowDetailsView.swift in Sources */,
				3B9F9BE12C14C3F6001836A5 /* ShowDetailsViewController.swift in Sources */,
				3B19C8512C13E8F80075893B /* HomeConstructor.swift in Sources */,
			);
			runOnlyForDeploymentPostprocessing = 0;
		};
		3B19C8192C13DD050075893B /* Sources */ = {
			isa = PBXSourcesBuildPhase;
			buildActionMask = 2147483647;
			files = (
				3BE71E922C15F84200771C0F /* ShowModel.swift in Sources */,
				3B387B622C1613EF003077C1 /* ShowDetailsCoordinatorSpy.swift in Sources */,
				3B387B5E2C16133C003077C1 /* ShowDetailsPresenterSpy.swift in Sources */,
				3B387B4D2C160A48003077C1 /* UINavigationControllerSpy.swift in Sources */,
				3B19C8222C13DD050075893B /* TV_Maze_AppTests.swift in Sources */,
				3B387B5A2C161165003077C1 /* HomeConstructorTestCase.swift in Sources */,
				3B387B6A2C161CC5003077C1 /* ShowDetailsCoordinatorTestCase.swift in Sources */,
				3B387B4B2C1606BF003077C1 /* DispatchQueueSpy.swift in Sources */,
				3B387B562C160F87003077C1 /* HomeInteractorTestCase.swift in Sources */,
				3BE71E9B2C15FC2200771C0F /* HomePresenterSpy.swift in Sources */,
				3B387B512C160C02003077C1 /* ShowTableViewCellSpy.swift in Sources */,
				3B387B462C160131003077C1 /* HomeTableViewManagerSpy.swift in Sources */,
				3B387B6E2C161E28003077C1 /* ShowDetailsInteractorOutputSpy.swift in Sources */,
				3BE71E972C15FB4C00771C0F /* HomeInteractorSpy.swift in Sources */,
				3B387B662C161629003077C1 /* ShowDetailsPresenterTestCase.swift in Sources */,
				3B387B642C16140F003077C1 /* ShowDetailsInteractorSpy.swift in Sources */,
				3B387B582C160FBA003077C1 /* HomeInteractorOutputSpy.swift in Sources */,
				3BE71E952C15FAAF00771C0F /* HomeViewControllerSpy.swift in Sources */,
				3B387B682C1619CC003077C1 /* ShowDetailsViewControllerTestCase.swift in Sources */,
				3B387B6C2C161DF4003077C1 /* ShowDetailsInteractorTestCase.swift in Sources */,
				3B387B542C160E62003077C1 /* NetworkServiceSpy.swift in Sources */,
				3BE71E992C15FBBD00771C0F /* HomeCoordinatorSpy.swift in Sources */,
				3B387B602C161353003077C1 /* ShowDetailsViewControllerSpy.swift in Sources */,
				3B387B4F2C160A7C003077C1 /* HomeCoordinatorTestCase.swift in Sources */,
				3B387B442C15FF71003077C1 /* HomeViewControllerTestCase.swift in Sources */,
				3BE71E8F2C15F77A00771C0F /* HomePresenterTestCase.swift in Sources */,
			);
			runOnlyForDeploymentPostprocessing = 0;
		};
/* End PBXSourcesBuildPhase section */

/* Begin PBXTargetDependency section */
		3B19C81F2C13DD050075893B /* PBXTargetDependency */ = {
			isa = PBXTargetDependency;
			target = 3B19C8062C13DD030075893B /* TV Maze App */;
			targetProxy = 3B19C81E2C13DD050075893B /* PBXContainerItemProxy */;
		};
/* End PBXTargetDependency section */

/* Begin PBXVariantGroup section */
		3B19C8152C13DD050075893B /* LaunchScreen.storyboard */ = {
			isa = PBXVariantGroup;
			children = (
				3B19C8162C13DD050075893B /* Base */,
			);
			name = LaunchScreen.storyboard;
			sourceTree = "<group>";
		};
/* End PBXVariantGroup section */

/* Begin XCBuildConfiguration section */
		3B19C82F2C13DD050075893B /* Debug */ = {
			isa = XCBuildConfiguration;
			buildSettings = {
				ALWAYS_SEARCH_USER_PATHS = NO;
				ASSETCATALOG_COMPILER_GENERATE_SWIFT_ASSET_SYMBOL_EXTENSIONS = YES;
				CLANG_ANALYZER_NONNULL = YES;
				CLANG_ANALYZER_NUMBER_OBJECT_CONVERSION = YES_AGGRESSIVE;
				CLANG_CXX_LANGUAGE_STANDARD = "gnu++20";
				CLANG_ENABLE_MODULES = YES;
				CLANG_ENABLE_OBJC_ARC = YES;
				CLANG_ENABLE_OBJC_WEAK = YES;
				CLANG_WARN_BLOCK_CAPTURE_AUTORELEASING = YES;
				CLANG_WARN_BOOL_CONVERSION = YES;
				CLANG_WARN_COMMA = YES;
				CLANG_WARN_CONSTANT_CONVERSION = YES;
				CLANG_WARN_DEPRECATED_OBJC_IMPLEMENTATIONS = YES;
				CLANG_WARN_DIRECT_OBJC_ISA_USAGE = YES_ERROR;
				CLANG_WARN_DOCUMENTATION_COMMENTS = YES;
				CLANG_WARN_EMPTY_BODY = YES;
				CLANG_WARN_ENUM_CONVERSION = YES;
				CLANG_WARN_INFINITE_RECURSION = YES;
				CLANG_WARN_INT_CONVERSION = YES;
				CLANG_WARN_NON_LITERAL_NULL_CONVERSION = YES;
				CLANG_WARN_OBJC_IMPLICIT_RETAIN_SELF = YES;
				CLANG_WARN_OBJC_LITERAL_CONVERSION = YES;
				CLANG_WARN_OBJC_ROOT_CLASS = YES_ERROR;
				CLANG_WARN_QUOTED_INCLUDE_IN_FRAMEWORK_HEADER = YES;
				CLANG_WARN_RANGE_LOOP_ANALYSIS = YES;
				CLANG_WARN_STRICT_PROTOTYPES = YES;
				CLANG_WARN_SUSPICIOUS_MOVE = YES;
				CLANG_WARN_UNGUARDED_AVAILABILITY = YES_AGGRESSIVE;
				CLANG_WARN_UNREACHABLE_CODE = YES;
				CLANG_WARN__DUPLICATE_METHOD_MATCH = YES;
				COPY_PHASE_STRIP = NO;
				DEBUG_INFORMATION_FORMAT = dwarf;
				ENABLE_STRICT_OBJC_MSGSEND = YES;
				ENABLE_TESTABILITY = YES;
				ENABLE_USER_SCRIPT_SANDBOXING = YES;
				GCC_C_LANGUAGE_STANDARD = gnu17;
				GCC_DYNAMIC_NO_PIC = NO;
				GCC_NO_COMMON_BLOCKS = YES;
				GCC_OPTIMIZATION_LEVEL = 0;
				GCC_PREPROCESSOR_DEFINITIONS = (
					"DEBUG=1",
					"$(inherited)",
				);
				GCC_WARN_64_TO_32_BIT_CONVERSION = YES;
				GCC_WARN_ABOUT_RETURN_TYPE = YES_ERROR;
				GCC_WARN_UNDECLARED_SELECTOR = YES;
				GCC_WARN_UNINITIALIZED_AUTOS = YES_AGGRESSIVE;
				GCC_WARN_UNUSED_FUNCTION = YES;
				GCC_WARN_UNUSED_VARIABLE = YES;
				IPHONEOS_DEPLOYMENT_TARGET = 17.5;
				LOCALIZATION_PREFERS_STRING_CATALOGS = YES;
				MTL_ENABLE_DEBUG_INFO = INCLUDE_SOURCE;
				MTL_FAST_MATH = YES;
				ONLY_ACTIVE_ARCH = YES;
				SDKROOT = iphoneos;
				SWIFT_ACTIVE_COMPILATION_CONDITIONS = "DEBUG $(inherited)";
				SWIFT_OPTIMIZATION_LEVEL = "-Onone";
			};
			name = Debug;
		};
		3B19C8302C13DD050075893B /* Release */ = {
			isa = XCBuildConfiguration;
			buildSettings = {
				ALWAYS_SEARCH_USER_PATHS = NO;
				ASSETCATALOG_COMPILER_GENERATE_SWIFT_ASSET_SYMBOL_EXTENSIONS = YES;
				CLANG_ANALYZER_NONNULL = YES;
				CLANG_ANALYZER_NUMBER_OBJECT_CONVERSION = YES_AGGRESSIVE;
				CLANG_CXX_LANGUAGE_STANDARD = "gnu++20";
				CLANG_ENABLE_MODULES = YES;
				CLANG_ENABLE_OBJC_ARC = YES;
				CLANG_ENABLE_OBJC_WEAK = YES;
				CLANG_WARN_BLOCK_CAPTURE_AUTORELEASING = YES;
				CLANG_WARN_BOOL_CONVERSION = YES;
				CLANG_WARN_COMMA = YES;
				CLANG_WARN_CONSTANT_CONVERSION = YES;
				CLANG_WARN_DEPRECATED_OBJC_IMPLEMENTATIONS = YES;
				CLANG_WARN_DIRECT_OBJC_ISA_USAGE = YES_ERROR;
				CLANG_WARN_DOCUMENTATION_COMMENTS = YES;
				CLANG_WARN_EMPTY_BODY = YES;
				CLANG_WARN_ENUM_CONVERSION = YES;
				CLANG_WARN_INFINITE_RECURSION = YES;
				CLANG_WARN_INT_CONVERSION = YES;
				CLANG_WARN_NON_LITERAL_NULL_CONVERSION = YES;
				CLANG_WARN_OBJC_IMPLICIT_RETAIN_SELF = YES;
				CLANG_WARN_OBJC_LITERAL_CONVERSION = YES;
				CLANG_WARN_OBJC_ROOT_CLASS = YES_ERROR;
				CLANG_WARN_QUOTED_INCLUDE_IN_FRAMEWORK_HEADER = YES;
				CLANG_WARN_RANGE_LOOP_ANALYSIS = YES;
				CLANG_WARN_STRICT_PROTOTYPES = YES;
				CLANG_WARN_SUSPICIOUS_MOVE = YES;
				CLANG_WARN_UNGUARDED_AVAILABILITY = YES_AGGRESSIVE;
				CLANG_WARN_UNREACHABLE_CODE = YES;
				CLANG_WARN__DUPLICATE_METHOD_MATCH = YES;
				COPY_PHASE_STRIP = NO;
				DEBUG_INFORMATION_FORMAT = "dwarf-with-dsym";
				ENABLE_NS_ASSERTIONS = NO;
				ENABLE_STRICT_OBJC_MSGSEND = YES;
				ENABLE_USER_SCRIPT_SANDBOXING = YES;
				GCC_C_LANGUAGE_STANDARD = gnu17;
				GCC_NO_COMMON_BLOCKS = YES;
				GCC_WARN_64_TO_32_BIT_CONVERSION = YES;
				GCC_WARN_ABOUT_RETURN_TYPE = YES_ERROR;
				GCC_WARN_UNDECLARED_SELECTOR = YES;
				GCC_WARN_UNINITIALIZED_AUTOS = YES_AGGRESSIVE;
				GCC_WARN_UNUSED_FUNCTION = YES;
				GCC_WARN_UNUSED_VARIABLE = YES;
				IPHONEOS_DEPLOYMENT_TARGET = 17.5;
				LOCALIZATION_PREFERS_STRING_CATALOGS = YES;
				MTL_ENABLE_DEBUG_INFO = NO;
				MTL_FAST_MATH = YES;
				SDKROOT = iphoneos;
				SWIFT_COMPILATION_MODE = wholemodule;
				VALIDATE_PRODUCT = YES;
			};
			name = Release;
		};
		3B19C8322C13DD050075893B /* Debug */ = {
			isa = XCBuildConfiguration;
			buildSettings = {
				ASSETCATALOG_COMPILER_APPICON_NAME = AppIcon;
				ASSETCATALOG_COMPILER_GLOBAL_ACCENT_COLOR_NAME = AccentColor;
				CODE_SIGN_STYLE = Automatic;
				CURRENT_PROJECT_VERSION = 1;
				GENERATE_INFOPLIST_FILE = YES;
				INFOPLIST_FILE = "TV Maze App/Info.plist";
				INFOPLIST_KEY_UIApplicationSupportsIndirectInputEvents = YES;
				INFOPLIST_KEY_UILaunchStoryboardName = LaunchScreen;
				INFOPLIST_KEY_UISupportedInterfaceOrientations_iPad = "UIInterfaceOrientationPortrait UIInterfaceOrientationPortraitUpsideDown UIInterfaceOrientationLandscapeLeft UIInterfaceOrientationLandscapeRight";
				INFOPLIST_KEY_UISupportedInterfaceOrientations_iPhone = "UIInterfaceOrientationPortrait UIInterfaceOrientationLandscapeLeft UIInterfaceOrientationLandscapeRight";
				LD_RUNPATH_SEARCH_PATHS = (
					"$(inherited)",
					"@executable_path/Frameworks",
				);
				MARKETING_VERSION = 1.0;
				PRODUCT_BUNDLE_IDENTIFIER = "com.leocassioo.TV-Maze-App";
				PRODUCT_NAME = "$(TARGET_NAME)";
				SWIFT_EMIT_LOC_STRINGS = YES;
				SWIFT_VERSION = 5.0;
				TARGETED_DEVICE_FAMILY = "1,2";
			};
			name = Debug;
		};
		3B19C8332C13DD050075893B /* Release */ = {
			isa = XCBuildConfiguration;
			buildSettings = {
				ASSETCATALOG_COMPILER_APPICON_NAME = AppIcon;
				ASSETCATALOG_COMPILER_GLOBAL_ACCENT_COLOR_NAME = AccentColor;
				CODE_SIGN_STYLE = Automatic;
				CURRENT_PROJECT_VERSION = 1;
				GENERATE_INFOPLIST_FILE = YES;
				INFOPLIST_FILE = "TV Maze App/Info.plist";
				INFOPLIST_KEY_UIApplicationSupportsIndirectInputEvents = YES;
				INFOPLIST_KEY_UILaunchStoryboardName = LaunchScreen;
				INFOPLIST_KEY_UISupportedInterfaceOrientations_iPad = "UIInterfaceOrientationPortrait UIInterfaceOrientationPortraitUpsideDown UIInterfaceOrientationLandscapeLeft UIInterfaceOrientationLandscapeRight";
				INFOPLIST_KEY_UISupportedInterfaceOrientations_iPhone = "UIInterfaceOrientationPortrait UIInterfaceOrientationLandscapeLeft UIInterfaceOrientationLandscapeRight";
				LD_RUNPATH_SEARCH_PATHS = (
					"$(inherited)",
					"@executable_path/Frameworks",
				);
				MARKETING_VERSION = 1.0;
				PRODUCT_BUNDLE_IDENTIFIER = "com.leocassioo.TV-Maze-App";
				PRODUCT_NAME = "$(TARGET_NAME)";
				SWIFT_EMIT_LOC_STRINGS = YES;
				SWIFT_VERSION = 5.0;
				TARGETED_DEVICE_FAMILY = "1,2";
			};
			name = Release;
		};
		3B19C8352C13DD050075893B /* Debug */ = {
			isa = XCBuildConfiguration;
			buildSettings = {
				ALWAYS_EMBED_SWIFT_STANDARD_LIBRARIES = YES;
				BUNDLE_LOADER = "$(TEST_HOST)";
				CODE_SIGN_STYLE = Automatic;
				CURRENT_PROJECT_VERSION = 1;
				GENERATE_INFOPLIST_FILE = YES;
				IPHONEOS_DEPLOYMENT_TARGET = 17.5;
				MARKETING_VERSION = 1.0;
				PRODUCT_BUNDLE_IDENTIFIER = "com.leocassioo.TV-Maze-AppTests";
				PRODUCT_NAME = "$(TARGET_NAME)";
				SWIFT_EMIT_LOC_STRINGS = NO;
				SWIFT_VERSION = 5.0;
				TARGETED_DEVICE_FAMILY = "1,2";
				TEST_HOST = "$(BUILT_PRODUCTS_DIR)/TV Maze App.app/$(BUNDLE_EXECUTABLE_FOLDER_PATH)/TV Maze App";
			};
			name = Debug;
		};
		3B19C8362C13DD050075893B /* Release */ = {
			isa = XCBuildConfiguration;
			buildSettings = {
				ALWAYS_EMBED_SWIFT_STANDARD_LIBRARIES = YES;
				BUNDLE_LOADER = "$(TEST_HOST)";
				CODE_SIGN_STYLE = Automatic;
				CURRENT_PROJECT_VERSION = 1;
				GENERATE_INFOPLIST_FILE = YES;
				IPHONEOS_DEPLOYMENT_TARGET = 17.5;
				MARKETING_VERSION = 1.0;
				PRODUCT_BUNDLE_IDENTIFIER = "com.leocassioo.TV-Maze-AppTests";
				PRODUCT_NAME = "$(TARGET_NAME)";
				SWIFT_EMIT_LOC_STRINGS = NO;
				SWIFT_VERSION = 5.0;
				TARGETED_DEVICE_FAMILY = "1,2";
				TEST_HOST = "$(BUILT_PRODUCTS_DIR)/TV Maze App.app/$(BUNDLE_EXECUTABLE_FOLDER_PATH)/TV Maze App";
			};
			name = Release;
		};
/* End XCBuildConfiguration section */

/* Begin XCConfigurationList section */
		3B19C8022C13DD030075893B /* Build configuration list for PBXProject "TV Maze App" */ = {
			isa = XCConfigurationList;
			buildConfigurations = (
				3B19C82F2C13DD050075893B /* Debug */,
				3B19C8302C13DD050075893B /* Release */,
			);
			defaultConfigurationIsVisible = 0;
			defaultConfigurationName = Release;
		};
		3B19C8312C13DD050075893B /* Build configuration list for PBXNativeTarget "TV Maze App" */ = {
			isa = XCConfigurationList;
			buildConfigurations = (
				3B19C8322C13DD050075893B /* Debug */,
				3B19C8332C13DD050075893B /* Release */,
			);
			defaultConfigurationIsVisible = 0;
			defaultConfigurationName = Release;
		};
		3B19C8342C13DD050075893B /* Build configuration list for PBXNativeTarget "TV Maze AppTests" */ = {
			isa = XCConfigurationList;
			buildConfigurations = (
				3B19C8352C13DD050075893B /* Debug */,
				3B19C8362C13DD050075893B /* Release */,
			);
			defaultConfigurationIsVisible = 0;
			defaultConfigurationName = Release;
		};
/* End XCConfigurationList section */

/* Begin XCRemoteSwiftPackageReference section */
		3B19C84C2C13E35B0075893B /* XCRemoteSwiftPackageReference "SnapKit" */ = {
			isa = XCRemoteSwiftPackageReference;
			repositoryURL = "https://github.com/SnapKit/SnapKit.git";
			requirement = {
				kind = upToNextMajorVersion;
				minimumVersion = 5.7.1;
			};
		};
/* End XCRemoteSwiftPackageReference section */

/* Begin XCSwiftPackageProductDependency section */
		3B19C84D2C13E35B0075893B /* SnapKit */ = {
			isa = XCSwiftPackageProductDependency;
			package = 3B19C84C2C13E35B0075893B /* XCRemoteSwiftPackageReference "SnapKit" */;
			productName = SnapKit;
		};
/* End XCSwiftPackageProductDependency section */
	};
	rootObject = 3B19C7FF2C13DD030075893B /* Project object */;
}
